
Microsoft Visual Studio Solution File, Format Version 12.00
# Visual Studio Version 17
VisualStudioVersion = 17.6.33717.318
MinimumVisualStudioVersion = 10.0.40219.1
Project("{FAE04EC0-301F-11D3-BF4B-00C04F79EFBC}") = "ProjetoAPIMin", "ProjetoAPIMin\ProjetoAPIMin.csproj", "{DF7020CD-4B34-4AC3-9CE2-3A568FCA1081}"
EndProject
Global
	GlobalSection(SolutionConfigurationPlatforms) = preSolution
		Debug|Any CPU = Debug|Any CPU
		Release|Any CPU = Release|Any CPU
	EndGlobalSection
	GlobalSection(ProjectConfigurationPlatforms) = postSolution
		{DF7020CD-4B34-4AC3-9CE2-3A568FCA1081}.Debug|Any CPU.ActiveCfg = Debug|Any CPU
		{DF7020CD-4B34-4AC3-9CE2-3A568FCA1081}.Debug|Any CPU.Build.0 = Debug|Any CPU
		{DF7020CD-4B34-4AC3-9CE2-3A568FCA1081}.Release|Any CPU.ActiveCfg = Release|Any CPU
		{DF7020CD-4B34-4AC3-9CE2-3A568FCA1081}.Release|Any CPU.Build.0 = Release|Any CPU
	EndGlobalSection
	GlobalSection(SolutionProperties) = preSolution
		HideSolutionNode = FALSE
	EndGlobalSection
	GlobalSection(ExtensibilityGlobals) = postSolution
		SolutionGuid = {F48D40B5-1DB4-4F5B-9E1D-784C7AA06D0E}
	EndGlobalSection
EndGlobal
